
Microsoft Visual Studio Solution File, Format Version 12.00
# Visual Studio Version 17
VisualStudioVersion = 17.0.32112.339
MinimumVisualStudioVersion = 10.0.40219.1
Project("{9A19103F-16F7-4668-BE54-9A1E7A4F7556}") = "WeatherAppUI", "WeatherAppUI\WeatherAppUI.csproj", "{BEFE35DD-6EE6-46FF-93C4-A10F6ADE5657}"
EndProject
Project("{9A19103F-16F7-4668-BE54-9A1E7A4F7556}") = "Backend Data", "Backend Data\Backend Data.csproj", "{5D2FD932-D106-4520-814A-01025D4F6172}"
EndProject
Project("{2150E333-8FDC-42A3-9474-1A3956D46DE8}") = "Solution Items", "Solution Items", "{877A39D7-0F1F-4D33-9E39-52D810558556}"
	ProjectSection(SolutionItems) = preProject
		.editorconfig = .editorconfig
	EndProjectSection
EndProject
Global
	GlobalSection(SolutionConfigurationPlatforms) = preSolution
		Debug|Any CPU = Debug|Any CPU
		Release|Any CPU = Release|Any CPU
	EndGlobalSection
	GlobalSection(ProjectConfigurationPlatforms) = postSolution
		{BEFE35DD-6EE6-46FF-93C4-A10F6ADE5657}.Debug|Any CPU.ActiveCfg = Debug|Any CPU
		{BEFE35DD-6EE6-46FF-93C4-A10F6ADE5657}.Debug|Any CPU.Build.0 = Debug|Any CPU
		{BEFE35DD-6EE6-46FF-93C4-A10F6ADE5657}.Release|Any CPU.ActiveCfg = Release|Any CPU
		{BEFE35DD-6EE6-46FF-93C4-A10F6ADE5657}.Release|Any CPU.Build.0 = Release|Any CPU
		{5D2FD932-D106-4520-814A-01025D4F6172}.Debug|Any CPU.ActiveCfg = Debug|Any CPU
		{5D2FD932-D106-4520-814A-01025D4F6172}.Debug|Any CPU.Build.0 = Debug|Any CPU
		{5D2FD932-D106-4520-814A-01025D4F6172}.Release|Any CPU.ActiveCfg = Release|Any CPU
		{5D2FD932-D106-4520-814A-01025D4F6172}.Release|Any CPU.Build.0 = Release|Any CPU
	EndGlobalSection
	GlobalSection(SolutionProperties) = preSolution
		HideSolutionNode = FALSE
	EndGlobalSection
	GlobalSection(ExtensibilityGlobals) = postSolution
		SolutionGuid = {7A0566FD-612D-4C4C-896B-5B6AC10C1060}
	EndGlobalSection
EndGlobal
